
Microsoft Visual Studio Solution File, Format Version 12.00
# Visual Studio Version 17
VisualStudioVersion = 17.6.33723.286
MinimumVisualStudioVersion = 10.0.40219.1
Project("{FAE04EC0-301F-11D3-BF4B-00C04F79EFBC}") = "FSMS.Entity", "FSMS.Entity\FSMS.Entity.csproj", "{85BE8F31-55E7-4E38-9F55-60DE7C9C3C3C}"
EndProject
Project("{FAE04EC0-301F-11D3-BF4B-00C04F79EFBC}") = "FSMS.Service", "FSMS.Service\FSMS.Service.csproj", "{696F0F7D-EE0A-4C78-98F0-A6773F20EFF7}"
EndProject
Project("{FAE04EC0-301F-11D3-BF4B-00C04F79EFBC}") = "FSMS.WebAPI", "FSMS.WebAPI\FSMS.WebAPI.csproj", "{83125FB7-35E4-49B6-8485-4AB4BE8910AF}"
EndProject
Global
	GlobalSection(SolutionConfigurationPlatforms) = preSolution
		Debug|Any CPU = Debug|Any CPU
		Release|Any CPU = Release|Any CPU
	EndGlobalSection
	GlobalSection(ProjectConfigurationPlatforms) = postSolution
		{85BE8F31-55E7-4E38-9F55-60DE7C9C3C3C}.Debug|Any CPU.ActiveCfg = Debug|Any CPU
		{85BE8F31-55E7-4E38-9F55-60DE7C9C3C3C}.Debug|Any CPU.Build.0 = Debug|Any CPU
		{85BE8F31-55E7-4E38-9F55-60DE7C9C3C3C}.Release|Any CPU.ActiveCfg = Release|Any CPU
		{85BE8F31-55E7-4E38-9F55-60DE7C9C3C3C}.Release|Any CPU.Build.0 = Release|Any CPU
		{696F0F7D-EE0A-4C78-98F0-A6773F20EFF7}.Debug|Any CPU.ActiveCfg = Debug|Any CPU
		{696F0F7D-EE0A-4C78-98F0-A6773F20EFF7}.Debug|Any CPU.Build.0 = Debug|Any CPU
		{696F0F7D-EE0A-4C78-98F0-A6773F20EFF7}.Release|Any CPU.ActiveCfg = Release|Any CPU
		{696F0F7D-EE0A-4C78-98F0-A6773F20EFF7}.Release|Any CPU.Build.0 = Release|Any CPU
		{83125FB7-35E4-49B6-8485-4AB4BE8910AF}.Debug|Any CPU.ActiveCfg = Debug|Any CPU
		{83125FB7-35E4-49B6-8485-4AB4BE8910AF}.Debug|Any CPU.Build.0 = Debug|Any CPU
		{83125FB7-35E4-49B6-8485-4AB4BE8910AF}.Release|Any CPU.ActiveCfg = Release|Any CPU
		{83125FB7-35E4-49B6-8485-4AB4BE8910AF}.Release|Any CPU.Build.0 = Release|Any CPU
	EndGlobalSection
	GlobalSection(SolutionProperties) = preSolution
		HideSolutionNode = FALSE
	EndGlobalSection
	GlobalSection(ExtensibilityGlobals) = postSolution
		SolutionGuid = {91DA64A8-715E-40EB-8138-8EDEED4451A2}
	EndGlobalSection
EndGlobal
